// !$*UTF8*$!
{
	archiveVersion = 1;
	classes = {
	};
	objectVersion = 56;
	objects = {

/* Begin PBXBuildFile section */
		97B32CECE7CCFBEB69362703 /* libPods-training.a in Frameworks */ = {isa = PBXBuildFile; fileRef = 108A33E26ADB2B5354D6734B /* libPods-training.a */; };
		E54BD924292EAE9400A61C37 /* AppDelegate.swift in Sources */ = {isa = PBXBuildFile; fileRef = E54BD923292EAE9400A61C37 /* AppDelegate.swift */; };
		E54BD926292EAE9400A61C37 /* SceneDelegate.swift in Sources */ = {isa = PBXBuildFile; fileRef = E54BD925292EAE9400A61C37 /* SceneDelegate.swift */; };
		E54BD93B292EAE9600A61C37 /* trainingTests.swift in Sources */ = {isa = PBXBuildFile; fileRef = E54BD93A292EAE9600A61C37 /* trainingTests.swift */; };
		E54BD945292EAE9600A61C37 /* trainingUITests.swift in Sources */ = {isa = PBXBuildFile; fileRef = E54BD944292EAE9600A61C37 /* trainingUITests.swift */; };
		E54BD947292EAE9600A61C37 /* trainingUITestsLaunchTests.swift in Sources */ = {isa = PBXBuildFile; fileRef = E54BD946292EAE9600A61C37 /* trainingUITestsLaunchTests.swift */; };
		E5CF89E4292EB461002FCA22 /* ProductsCell.xib in Resources */ = {isa = PBXBuildFile; fileRef = E5CF89BD292EB460002FCA22 /* ProductsCell.xib */; };
		E5CF89E5292EB461002FCA22 /* CartProductCell.xib in Resources */ = {isa = PBXBuildFile; fileRef = E5CF89BE292EB460002FCA22 /* CartProductCell.xib */; };
		E5CF89E6292EB461002FCA22 /* LaunchScreen.storyboard in Resources */ = {isa = PBXBuildFile; fileRef = E5CF89BF292EB460002FCA22 /* LaunchScreen.storyboard */; };
		E5CF89E7292EB461002FCA22 /* Main.storyboard in Resources */ = {isa = PBXBuildFile; fileRef = E5CF89C1292EB460002FCA22 /* Main.storyboard */; };
		E5CF89E8292EB461002FCA22 /* CollectionViewCell.xib in Resources */ = {isa = PBXBuildFile; fileRef = E5CF89C3292EB460002FCA22 /* CollectionViewCell.xib */; };
		E5CF89E9292EB461002FCA22 /* FavoriteViewController.swift in Sources */ = {isa = PBXBuildFile; fileRef = E5CF89C6292EB461002FCA22 /* FavoriteViewController.swift */; };
		E5CF89EA292EB461002FCA22 /* FavoritePresenter.swift in Sources */ = {isa = PBXBuildFile; fileRef = E5CF89C7292EB461002FCA22 /* FavoritePresenter.swift */; };
		E5CF89EB292EB461002FCA22 /* ProductModel.swift in Sources */ = {isa = PBXBuildFile; fileRef = E5CF89C8292EB461002FCA22 /* ProductModel.swift */; };
		E5CF89EC292EB461002FCA22 /* UserRouter.swift in Sources */ = {isa = PBXBuildFile; fileRef = E5CF89CA292EB461002FCA22 /* UserRouter.swift */; };
		E5CF89ED292EB461002FCA22 /* User.swift in Sources */ = {isa = PBXBuildFile; fileRef = E5CF89CB292EB461002FCA22 /* User.swift */; };
		E5CF89EE292EB461002FCA22 /* SignUpViewController.swift in Sources */ = {isa = PBXBuildFile; fileRef = E5CF89CD292EB461002FCA22 /* SignUpViewController.swift */; };
		E5CF89EF292EB461002FCA22 /* LoginViewController.swift in Sources */ = {isa = PBXBuildFile; fileRef = E5CF89CE292EB461002FCA22 /* LoginViewController.swift */; };
		E5CF89F0292EB461002FCA22 /* UserPresenter.swift in Sources */ = {isa = PBXBuildFile; fileRef = E5CF89CF292EB461002FCA22 /* UserPresenter.swift */; };
		E5CF89F1292EB461002FCA22 /* ProductPresenter.swift in Sources */ = {isa = PBXBuildFile; fileRef = E5CF89D1292EB461002FCA22 /* ProductPresenter.swift */; };
		E5CF89F2292EB461002FCA22 /* ProductRouter.swift in Sources */ = {isa = PBXBuildFile; fileRef = E5CF89D2292EB461002FCA22 /* ProductRouter.swift */; };
		E5CF89F3292EB461002FCA22 /* ProductSliderCell.swift in Sources */ = {isa = PBXBuildFile; fileRef = E5CF89D5292EB461002FCA22 /* ProductSliderCell.swift */; };
		E5CF89F4292EB461002FCA22 /* CollectionViewCell.swift in Sources */ = {isa = PBXBuildFile; fileRef = E5CF89D6292EB461002FCA22 /* CollectionViewCell.swift */; };
		E5CF89F5292EB461002FCA22 /* ProductsCell.swift in Sources */ = {isa = PBXBuildFile; fileRef = E5CF89D7292EB461002FCA22 /* ProductsCell.swift */; };
		E5CF89F6292EB461002FCA22 /* ProductViewController.swift in Sources */ = {isa = PBXBuildFile; fileRef = E5CF89D8292EB461002FCA22 /* ProductViewController.swift */; };
		E5CF89F8292EB461002FCA22 /* HomeViewController.swift in Sources */ = {isa = PBXBuildFile; fileRef = E5CF89DA292EB461002FCA22 /* HomeViewController.swift */; };
		E5CF89F9292EB461002FCA22 /* Product.swift in Sources */ = {isa = PBXBuildFile; fileRef = E5CF89DB292EB461002FCA22 /* Product.swift */; };
		E5CF89FA292EB461002FCA22 /* CartRouter.swift in Sources */ = {isa = PBXBuildFile; fileRef = E5CF89DD292EB461002FCA22 /* CartRouter.swift */; };
		E5CF89FB292EB461002FCA22 /* CartPresenter.swift in Sources */ = {isa = PBXBuildFile; fileRef = E5CF89DE292EB461002FCA22 /* CartPresenter.swift */; };
		E5CF89FC292EB461002FCA22 /* CartViewController.swift in Sources */ = {isa = PBXBuildFile; fileRef = E5CF89E0292EB461002FCA22 /* CartViewController.swift */; };
		E5CF89FD292EB461002FCA22 /* ViewController.swift in Sources */ = {isa = PBXBuildFile; fileRef = E5CF89E1292EB461002FCA22 /* ViewController.swift */; };
		E5CF89FE292EB461002FCA22 /* CartProductCell.swift in Sources */ = {isa = PBXBuildFile; fileRef = E5CF89E2292EB461002FCA22 /* CartProductCell.swift */; };
		E5CF89FF292EB461002FCA22 /* Cart.swift in Sources */ = {isa = PBXBuildFile; fileRef = E5CF89E3292EB461002FCA22 /* Cart.swift */; };
		E5CF8A01292EB471002FCA22 /* Assets.xcassets in Resources */ = {isa = PBXBuildFile; fileRef = E5CF8A00292EB471002FCA22 /* Assets.xcassets */; };
		E5CF8A03292EB64F002FCA22 /* Constants.swift in Sources */ = {isa = PBXBuildFile; fileRef = E5CF8A02292EB64F002FCA22 /* Constants.swift */; };
		E5CF8A05292EB7BE002FCA22 /* Category.swift in Sources */ = {isa = PBXBuildFile; fileRef = E5CF8A04292EB7BE002FCA22 /* Category.swift */; };
/* End PBXBuildFile section */

/* Begin PBXContainerItemProxy section */
		E54BD937292EAE9600A61C37 /* PBXContainerItemProxy */ = {
			isa = PBXContainerItemProxy;
			containerPortal = E54BD918292EAE9400A61C37 /* Project object */;
			proxyType = 1;
			remoteGlobalIDString = E54BD91F292EAE9400A61C37;
			remoteInfo = training;
		};
		E54BD941292EAE9600A61C37 /* PBXContainerItemProxy */ = {
			isa = PBXContainerItemProxy;
			containerPortal = E54BD918292EAE9400A61C37 /* Project object */;
			proxyType = 1;
			remoteGlobalIDString = E54BD91F292EAE9400A61C37;
			remoteInfo = training;
		};
/* End PBXContainerItemProxy section */

/* Begin PBXFileReference section */
		108A33E26ADB2B5354D6734B /* libPods-training.a */ = {isa = PBXFileReference; explicitFileType = archive.ar; includeInIndex = 0; path = "libPods-training.a"; sourceTree = BUILT_PRODUCTS_DIR; };
		9EA382F8F00C585C3C7F9582 /* Pods-training.debug.xcconfig */ = {isa = PBXFileReference; includeInIndex = 1; lastKnownFileType = text.xcconfig; name = "Pods-training.debug.xcconfig"; path = "Target Support Files/Pods-training/Pods-training.debug.xcconfig"; sourceTree = "<group>"; };
		B83FD41B243145AE68846F82 /* Pods-training.release.xcconfig */ = {isa = PBXFileReference; includeInIndex = 1; lastKnownFileType = text.xcconfig; name = "Pods-training.release.xcconfig"; path = "Target Support Files/Pods-training/Pods-training.release.xcconfig"; sourceTree = "<group>"; };
		E54BD920292EAE9400A61C37 /* training.app */ = {isa = PBXFileReference; explicitFileType = wrapper.application; includeInIndex = 0; path = training.app; sourceTree = BUILT_PRODUCTS_DIR; };
		E54BD923292EAE9400A61C37 /* AppDelegate.swift */ = {isa = PBXFileReference; lastKnownFileType = sourcecode.swift; path = AppDelegate.swift; sourceTree = "<group>"; };
		E54BD925292EAE9400A61C37 /* SceneDelegate.swift */ = {isa = PBXFileReference; lastKnownFileType = sourcecode.swift; path = SceneDelegate.swift; sourceTree = "<group>"; };
		E54BD931292EAE9600A61C37 /* Info.plist */ = {isa = PBXFileReference; lastKnownFileType = text.plist.xml; path = Info.plist; sourceTree = "<group>"; };
		E54BD936292EAE9600A61C37 /* trainingTests.xctest */ = {isa = PBXFileReference; explicitFileType = wrapper.cfbundle; includeInIndex = 0; path = trainingTests.xctest; sourceTree = BUILT_PRODUCTS_DIR; };
		E54BD93A292EAE9600A61C37 /* trainingTests.swift */ = {isa = PBXFileReference; lastKnownFileType = sourcecode.swift; path = trainingTests.swift; sourceTree = "<group>"; };
		E54BD940292EAE9600A61C37 /* trainingUITests.xctest */ = {isa = PBXFileReference; explicitFileType = wrapper.cfbundle; includeInIndex = 0; path = trainingUITests.xctest; sourceTree = BUILT_PRODUCTS_DIR; };
		E54BD944292EAE9600A61C37 /* trainingUITests.swift */ = {isa = PBXFileReference; lastKnownFileType = sourcecode.swift; path = trainingUITests.swift; sourceTree = "<group>"; };
		E54BD946292EAE9600A61C37 /* trainingUITestsLaunchTests.swift */ = {isa = PBXFileReference; lastKnownFileType = sourcecode.swift; path = trainingUITestsLaunchTests.swift; sourceTree = "<group>"; };
		E5CF89BD292EB460002FCA22 /* ProductsCell.xib */ = {isa = PBXFileReference; fileEncoding = 4; lastKnownFileType = file.xib; path = ProductsCell.xib; sourceTree = "<group>"; };
		E5CF89BE292EB460002FCA22 /* CartProductCell.xib */ = {isa = PBXFileReference; fileEncoding = 4; lastKnownFileType = file.xib; path = CartProductCell.xib; sourceTree = "<group>"; };
		E5CF89C0292EB460002FCA22 /* Base */ = {isa = PBXFileReference; lastKnownFileType = file.storyboard; name = Base; path = Base.lproj/LaunchScreen.storyboard; sourceTree = "<group>"; };
		E5CF89C2292EB460002FCA22 /* Base */ = {isa = PBXFileReference; lastKnownFileType = file.storyboard; name = Base; path = Base.lproj/Main.storyboard; sourceTree = "<group>"; };
		E5CF89C3292EB460002FCA22 /* CollectionViewCell.xib */ = {isa = PBXFileReference; fileEncoding = 4; lastKnownFileType = file.xib; path = CollectionViewCell.xib; sourceTree = "<group>"; };
		E5CF89C6292EB461002FCA22 /* FavoriteViewController.swift */ = {isa = PBXFileReference; fileEncoding = 4; lastKnownFileType = sourcecode.swift; path = FavoriteViewController.swift; sourceTree = "<group>"; };
		E5CF89C7292EB461002FCA22 /* FavoritePresenter.swift */ = {isa = PBXFileReference; fileEncoding = 4; lastKnownFileType = sourcecode.swift; path = FavoritePresenter.swift; sourceTree = "<group>"; };
		E5CF89C8292EB461002FCA22 /* ProductModel.swift */ = {isa = PBXFileReference; fileEncoding = 4; lastKnownFileType = sourcecode.swift; path = ProductModel.swift; sourceTree = "<group>"; };
		E5CF89CA292EB461002FCA22 /* UserRouter.swift */ = {isa = PBXFileReference; fileEncoding = 4; lastKnownFileType = sourcecode.swift; path = UserRouter.swift; sourceTree = "<group>"; };
		E5CF89CB292EB461002FCA22 /* User.swift */ = {isa = PBXFileReference; fileEncoding = 4; lastKnownFileType = sourcecode.swift; path = User.swift; sourceTree = "<group>"; };
		E5CF89CD292EB461002FCA22 /* SignUpViewController.swift */ = {isa = PBXFileReference; fileEncoding = 4; lastKnownFileType = sourcecode.swift; path = SignUpViewController.swift; sourceTree = "<group>"; };
		E5CF89CE292EB461002FCA22 /* LoginViewController.swift */ = {isa = PBXFileReference; fileEncoding = 4; lastKnownFileType = sourcecode.swift; path = LoginViewController.swift; sourceTree = "<group>"; };
		E5CF89CF292EB461002FCA22 /* UserPresenter.swift */ = {isa = PBXFileReference; fileEncoding = 4; lastKnownFileType = sourcecode.swift; path = UserPresenter.swift; sourceTree = "<group>"; };
		E5CF89D1292EB461002FCA22 /* ProductPresenter.swift */ = {isa = PBXFileReference; fileEncoding = 4; lastKnownFileType = sourcecode.swift; path = ProductPresenter.swift; sourceTree = "<group>"; };
		E5CF89D2292EB461002FCA22 /* ProductRouter.swift */ = {isa = PBXFileReference; fileEncoding = 4; lastKnownFileType = sourcecode.swift; path = ProductRouter.swift; sourceTree = "<group>"; };
		E5CF89D5292EB461002FCA22 /* ProductSliderCell.swift */ = {isa = PBXFileReference; fileEncoding = 4; lastKnownFileType = sourcecode.swift; path = ProductSliderCell.swift; sourceTree = "<group>"; };
		E5CF89D6292EB461002FCA22 /* CollectionViewCell.swift */ = {isa = PBXFileReference; fileEncoding = 4; lastKnownFileType = sourcecode.swift; path = CollectionViewCell.swift; sourceTree = "<group>"; };
		E5CF89D7292EB461002FCA22 /* ProductsCell.swift */ = {isa = PBXFileReference; fileEncoding = 4; lastKnownFileType = sourcecode.swift; path = ProductsCell.swift; sourceTree = "<group>"; };
		E5CF89D8292EB461002FCA22 /* ProductViewController.swift */ = {isa = PBXFileReference; fileEncoding = 4; lastKnownFileType = sourcecode.swift; path = ProductViewController.swift; sourceTree = "<group>"; };
		E5CF89DA292EB461002FCA22 /* HomeViewController.swift */ = {isa = PBXFileReference; fileEncoding = 4; lastKnownFileType = sourcecode.swift; path = HomeViewController.swift; sourceTree = "<group>"; };
		E5CF89DB292EB461002FCA22 /* Product.swift */ = {isa = PBXFileReference; fileEncoding = 4; lastKnownFileType = sourcecode.swift; path = Product.swift; sourceTree = "<group>"; };
		E5CF89DD292EB461002FCA22 /* CartRouter.swift */ = {isa = PBXFileReference; fileEncoding = 4; lastKnownFileType = sourcecode.swift; path = CartRouter.swift; sourceTree = "<group>"; };
		E5CF89DE292EB461002FCA22 /* CartPresenter.swift */ = {isa = PBXFileReference; fileEncoding = 4; lastKnownFileType = sourcecode.swift; path = CartPresenter.swift; sourceTree = "<group>"; };
		E5CF89E0292EB461002FCA22 /* CartViewController.swift */ = {isa = PBXFileReference; fileEncoding = 4; lastKnownFileType = sourcecode.swift; path = CartViewController.swift; sourceTree = "<group>"; };
		E5CF89E1292EB461002FCA22 /* ViewController.swift */ = {isa = PBXFileReference; fileEncoding = 4; lastKnownFileType = sourcecode.swift; path = ViewController.swift; sourceTree = "<group>"; };
		E5CF89E2292EB461002FCA22 /* CartProductCell.swift */ = {isa = PBXFileReference; fileEncoding = 4; lastKnownFileType = sourcecode.swift; path = CartProductCell.swift; sourceTree = "<group>"; };
		E5CF89E3292EB461002FCA22 /* Cart.swift */ = {isa = PBXFileReference; fileEncoding = 4; lastKnownFileType = sourcecode.swift; path = Cart.swift; sourceTree = "<group>"; };
		E5CF8A00292EB471002FCA22 /* Assets.xcassets */ = {isa = PBXFileReference; lastKnownFileType = folder.assetcatalog; name = Assets.xcassets; path = ../../ecommerce/ecommerce/Assets.xcassets; sourceTree = "<group>"; };
		E5CF8A02292EB64F002FCA22 /* Constants.swift */ = {isa = PBXFileReference; fileEncoding = 4; lastKnownFileType = sourcecode.swift; path = Constants.swift; sourceTree = "<group>"; };
		E5CF8A04292EB7BE002FCA22 /* Category.swift */ = {isa = PBXFileReference; fileEncoding = 4; lastKnownFileType = sourcecode.swift; path = Category.swift; sourceTree = "<group>"; };
/* End PBXFileReference section */

/* Begin PBXFrameworksBuildPhase section */
		E54BD91D292EAE9400A61C37 /* Frameworks */ = {
			isa = PBXFrameworksBuildPhase;
			buildActionMask = 2147483647;
			files = (
				97B32CECE7CCFBEB69362703 /* libPods-training.a in Frameworks */,
			);
			runOnlyForDeploymentPostprocessing = 0;
		};
		E54BD933292EAE9600A61C37 /* Frameworks */ = {
			isa = PBXFrameworksBuildPhase;
			buildActionMask = 2147483647;
			files = (
			);
			runOnlyForDeploymentPostprocessing = 0;
		};
		E54BD93D292EAE9600A61C37 /* Frameworks */ = {
			isa = PBXFrameworksBuildPhase;
			buildActionMask = 2147483647;
			files = (
			);
			runOnlyForDeploymentPostprocessing = 0;
		};
/* End PBXFrameworksBuildPhase section */

/* Begin PBXGroup section */
		687364C8BEC0988349797923 /* Pods */ = {
			isa = PBXGroup;
			children = (
				9EA382F8F00C585C3C7F9582 /* Pods-training.debug.xcconfig */,
				B83FD41B243145AE68846F82 /* Pods-training.release.xcconfig */,
			);
			path = Pods;
			sourceTree = "<group>";
		};
		88BABA6FA36CA8DDE9ED3026 /* Frameworks */ = {
			isa = PBXGroup;
			children = (
				108A33E26ADB2B5354D6734B /* libPods-training.a */,
			);
			name = Frameworks;
			sourceTree = "<group>";
		};
		E54BD917292EAE9400A61C37 = {
			isa = PBXGroup;
			children = (
				E54BD922292EAE9400A61C37 /* training */,
				E54BD939292EAE9600A61C37 /* trainingTests */,
				E54BD943292EAE9600A61C37 /* trainingUITests */,
				E54BD921292EAE9400A61C37 /* Products */,
				687364C8BEC0988349797923 /* Pods */,
				88BABA6FA36CA8DDE9ED3026 /* Frameworks */,
			);
			sourceTree = "<group>";
		};
		E54BD921292EAE9400A61C37 /* Products */ = {
			isa = PBXGroup;
			children = (
				E54BD920292EAE9400A61C37 /* training.app */,
				E54BD936292EAE9600A61C37 /* trainingTests.xctest */,
				E54BD940292EAE9600A61C37 /* trainingUITests.xctest */,
			);
			name = Products;
			sourceTree = "<group>";
		};
		E54BD922292EAE9400A61C37 /* training */ = {
			isa = PBXGroup;
			children = (
				E5CF89C4292EB461002FCA22 /* modules */,
				E5CF89BC292EB460002FCA22 /* view */,
				E54BD923292EAE9400A61C37 /* AppDelegate.swift */,
				E5CF8A00292EB471002FCA22 /* Assets.xcassets */,
				E54BD925292EAE9400A61C37 /* SceneDelegate.swift */,
				E54BD931292EAE9600A61C37 /* Info.plist */,
				E5CF8A04292EB7BE002FCA22 /* Category.swift */,
				E5CF8A02292EB64F002FCA22 /* Constants.swift */,
			);
			path = training;
			sourceTree = "<group>";
		};
		E54BD939292EAE9600A61C37 /* trainingTests */ = {
			isa = PBXGroup;
			children = (
				E54BD93A292EAE9600A61C37 /* trainingTests.swift */,
			);
			path = trainingTests;
			sourceTree = "<group>";
		};
		E54BD943292EAE9600A61C37 /* trainingUITests */ = {
			isa = PBXGroup;
			children = (
				E54BD944292EAE9600A61C37 /* trainingUITests.swift */,
				E54BD946292EAE9600A61C37 /* trainingUITestsLaunchTests.swift */,
			);
			path = trainingUITests;
			sourceTree = "<group>";
		};
		E5CF89BC292EB460002FCA22 /* view */ = {
			isa = PBXGroup;
			children = (
				E5CF89BD292EB460002FCA22 /* ProductsCell.xib */,
				E5CF89BE292EB460002FCA22 /* CartProductCell.xib */,
				E5CF89BF292EB460002FCA22 /* LaunchScreen.storyboard */,
				E5CF89C1292EB460002FCA22 /* Main.storyboard */,
				E5CF89C3292EB460002FCA22 /* CollectionViewCell.xib */,
			);
			path = view;
			sourceTree = "<group>";
		};
		E5CF89C4292EB461002FCA22 /* modules */ = {
			isa = PBXGroup;
			children = (
				E5CF89C5292EB461002FCA22 /* Favorite */,
				E5CF89C9292EB461002FCA22 /* User */,
				E5CF89D0292EB461002FCA22 /* Product */,
				E5CF89DC292EB461002FCA22 /* Cart */,
			);
			path = modules;
			sourceTree = "<group>";
		};
		E5CF89C5292EB461002FCA22 /* Favorite */ = {
			isa = PBXGroup;
			children = (
				E5CF89C6292EB461002FCA22 /* FavoriteViewController.swift */,
				E5CF89C7292EB461002FCA22 /* FavoritePresenter.swift */,
				E5CF89C8292EB461002FCA22 /* ProductModel.swift */,
			);
			path = Favorite;
			sourceTree = "<group>";
		};
		E5CF89C9292EB461002FCA22 /* User */ = {
			isa = PBXGroup;
			children = (
				E5CF89CA292EB461002FCA22 /* UserRouter.swift */,
				E5CF89CB292EB461002FCA22 /* User.swift */,
				E5CF89CC292EB461002FCA22 /* View */,
				E5CF89CF292EB461002FCA22 /* UserPresenter.swift */,
			);
			path = User;
			sourceTree = "<group>";
		};
		E5CF89CC292EB461002FCA22 /* View */ = {
			isa = PBXGroup;
			children = (
				E5CF89CD292EB461002FCA22 /* SignUpViewController.swift */,
				E5CF89CE292EB461002FCA22 /* LoginViewController.swift */,
			);
			path = View;
			sourceTree = "<group>";
		};
		E5CF89D0292EB461002FCA22 /* Product */ = {
			isa = PBXGroup;
			children = (
				E5CF89D1292EB461002FCA22 /* ProductPresenter.swift */,
				E5CF89D2292EB461002FCA22 /* ProductRouter.swift */,
				E5CF89D3292EB461002FCA22 /* View */,
				E5CF89DB292EB461002FCA22 /* Product.swift */,
			);
			path = Product;
			sourceTree = "<group>";
		};
		E5CF89D3292EB461002FCA22 /* View */ = {
			isa = PBXGroup;
			children = (
				E5CF89D4292EB461002FCA22 /* cells */,
				E5CF89D8292EB461002FCA22 /* ProductViewController.swift */,
				E5CF89DA292EB461002FCA22 /* HomeViewController.swift */,
			);
			path = View;
			sourceTree = "<group>";
		};
		E5CF89D4292EB461002FCA22 /* cells */ = {
			isa = PBXGroup;
			children = (
				E5CF89D5292EB461002FCA22 /* ProductSliderCell.swift */,
				E5CF89D6292EB461002FCA22 /* CollectionViewCell.swift */,
				E5CF89D7292EB461002FCA22 /* ProductsCell.swift */,
			);
			path = cells;
			sourceTree = "<group>";
		};
		E5CF89DC292EB461002FCA22 /* Cart */ = {
			isa = PBXGroup;
			children = (
				E5CF89DD292EB461002FCA22 /* CartRouter.swift */,
				E5CF89DE292EB461002FCA22 /* CartPresenter.swift */,
				E5CF89DF292EB461002FCA22 /* View */,
				E5CF89E3292EB461002FCA22 /* Cart.swift */,
			);
			path = Cart;
			sourceTree = "<group>";
		};
		E5CF89DF292EB461002FCA22 /* View */ = {
			isa = PBXGroup;
			children = (
				E5CF89E0292EB461002FCA22 /* CartViewController.swift */,
				E5CF89E1292EB461002FCA22 /* ViewController.swift */,
				E5CF89E2292EB461002FCA22 /* CartProductCell.swift */,
			);
			path = View;
			sourceTree = "<group>";
		};
/* End PBXGroup section */

/* Begin PBXNativeTarget section */
		E54BD91F292EAE9400A61C37 /* training */ = {
			isa = PBXNativeTarget;
			buildConfigurationList = E54BD94A292EAE9600A61C37 /* Build configuration list for PBXNativeTarget "training" */;
			buildPhases = (
				469295F2B6B0FF1F3AEE016A /* [CP] Check Pods Manifest.lock */,
				E54BD91C292EAE9400A61C37 /* Sources */,
				E54BD91D292EAE9400A61C37 /* Frameworks */,
				E54BD91E292EAE9400A61C37 /* Resources */,
				40DA771D6128A1CD783A0E48 /* [CP] Copy Pods Resources */,
			);
			buildRules = (
			);
			dependencies = (
			);
			name = training;
			productName = training;
			productReference = E54BD920292EAE9400A61C37 /* training.app */;
			productType = "com.apple.product-type.application";
		};
		E54BD935292EAE9600A61C37 /* trainingTests */ = {
			isa = PBXNativeTarget;
			buildConfigurationList = E54BD94D292EAE9600A61C37 /* Build configuration list for PBXNativeTarget "trainingTests" */;
			buildPhases = (
				E54BD932292EAE9600A61C37 /* Sources */,
				E54BD933292EAE9600A61C37 /* Frameworks */,
				E54BD934292EAE9600A61C37 /* Resources */,
			);
			buildRules = (
			);
			dependencies = (
				E54BD938292EAE9600A61C37 /* PBXTargetDependency */,
			);
			name = trainingTests;
			productName = trainingTests;
			productReference = E54BD936292EAE9600A61C37 /* trainingTests.xctest */;
			productType = "com.apple.product-type.bundle.unit-test";
		};
		E54BD93F292EAE9600A61C37 /* trainingUITests */ = {
			isa = PBXNativeTarget;
			buildConfigurationList = E54BD950292EAE9600A61C37 /* Build configuration list for PBXNativeTarget "trainingUITests" */;
			buildPhases = (
				E54BD93C292EAE9600A61C37 /* Sources */,
				E54BD93D292EAE9600A61C37 /* Frameworks */,
				E54BD93E292EAE9600A61C37 /* Resources */,
			);
			buildRules = (
			);
			dependencies = (
				E54BD942292EAE9600A61C37 /* PBXTargetDependency */,
			);
			name = trainingUITests;
			productName = trainingUITests;
			productReference = E54BD940292EAE9600A61C37 /* trainingUITests.xctest */;
			productType = "com.apple.product-type.bundle.ui-testing";
		};
/* End PBXNativeTarget section */

/* Begin PBXProject section */
		E54BD918292EAE9400A61C37 /* Project object */ = {
			isa = PBXProject;
			attributes = {
				BuildIndependentTargetsInParallel = 1;
				LastSwiftUpdateCheck = 1400;
				LastUpgradeCheck = 1400;
				TargetAttributes = {
					E54BD91F292EAE9400A61C37 = {
						CreatedOnToolsVersion = 14.0.1;
					};
					E54BD935292EAE9600A61C37 = {
						CreatedOnToolsVersion = 14.0.1;
						TestTargetID = E54BD91F292EAE9400A61C37;
					};
					E54BD93F292EAE9600A61C37 = {
						CreatedOnToolsVersion = 14.0.1;
						TestTargetID = E54BD91F292EAE9400A61C37;
					};
				};
			};
			buildConfigurationList = E54BD91B292EAE9400A61C37 /* Build configuration list for PBXProject "training" */;
			compatibilityVersion = "Xcode 14.0";
			developmentRegion = en;
			hasScannedForEncodings = 0;
			knownRegions = (
				en,
				Base,
			);
			mainGroup = E54BD917292EAE9400A61C37;
			productRefGroup = E54BD921292EAE9400A61C37 /* Products */;
			projectDirPath = "";
			projectRoot = "";
			targets = (
				E54BD91F292EAE9400A61C37 /* training */,
				E54BD935292EAE9600A61C37 /* trainingTests */,
				E54BD93F292EAE9600A61C37 /* trainingUITests */,
			);
		};
/* End PBXProject section */

/* Begin PBXResourcesBuildPhase section */
		E54BD91E292EAE9400A61C37 /* Resources */ = {
			isa = PBXResourcesBuildPhase;
			buildActionMask = 2147483647;
			files = (
				E5CF89E7292EB461002FCA22 /* Main.storyboard in Resources */,
				E5CF89E4292EB461002FCA22 /* ProductsCell.xib in Resources */,
				E5CF89E6292EB461002FCA22 /* LaunchScreen.storyboard in Resources */,
				E5CF89E5292EB461002FCA22 /* CartProductCell.xib in Resources */,
				E5CF89E8292EB461002FCA22 /* CollectionViewCell.xib in Resources */,
				E5CF8A01292EB471002FCA22 /* Assets.xcassets in Resources */,
			);
			runOnlyForDeploymentPostprocessing = 0;
		};
		E54BD934292EAE9600A61C37 /* Resources */ = {
			isa = PBXResourcesBuildPhase;
			buildActionMask = 2147483647;
			files = (
			);
			runOnlyForDeploymentPostprocessing = 0;
		};
		E54BD93E292EAE9600A61C37 /* Resources */ = {
			isa = PBXResourcesBuildPhase;
			buildActionMask = 2147483647;
			files = (
			);
			runOnlyForDeploymentPostprocessing = 0;
		};
/* End PBXResourcesBuildPhase section */

/* Begin PBXShellScriptBuildPhase section */
		40DA771D6128A1CD783A0E48 /* [CP] Copy Pods Resources */ = {
			isa = PBXShellScriptBuildPhase;
			buildActionMask = 2147483647;
			files = (
			);
			inputFileListPaths = (
				"${PODS_ROOT}/Target Support Files/Pods-training/Pods-training-resources-${CONFIGURATION}-input-files.xcfilelist",
			);
			name = "[CP] Copy Pods Resources";
			outputFileListPaths = (
				"${PODS_ROOT}/Target Support Files/Pods-training/Pods-training-resources-${CONFIGURATION}-output-files.xcfilelist",
			);
			runOnlyForDeploymentPostprocessing = 0;
			shellPath = /bin/sh;
			shellScript = "\"${PODS_ROOT}/Target Support Files/Pods-training/Pods-training-resources.sh\"\n";
			showEnvVarsInLog = 0;
		};
		469295F2B6B0FF1F3AEE016A /* [CP] Check Pods Manifest.lock */ = {
			isa = PBXShellScriptBuildPhase;
			buildActionMask = 2147483647;
			files = (
			);
			inputFileListPaths = (
			);
			inputPaths = (
				"${PODS_PODFILE_DIR_PATH}/Podfile.lock",
				"${PODS_ROOT}/Manifest.lock",
			);
			name = "[CP] Check Pods Manifest.lock";
			outputFileListPaths = (
			);
			outputPaths = (
				"$(DERIVED_FILE_DIR)/Pods-training-checkManifestLockResult.txt",
			);
			runOnlyForDeploymentPostprocessing = 0;
			shellPath = /bin/sh;
			shellScript = "diff \"${PODS_PODFILE_DIR_PATH}/Podfile.lock\" \"${PODS_ROOT}/Manifest.lock\" > /dev/null\nif [ $? != 0 ] ; then\n    # print error to STDERR\n    echo \"error: The sandbox is not in sync with the Podfile.lock. Run 'pod install' or update your CocoaPods installation.\" >&2\n    exit 1\nfi\n# This output is used by Xcode 'outputs' to avoid re-running this script phase.\necho \"SUCCESS\" > \"${SCRIPT_OUTPUT_FILE_0}\"\n";
			showEnvVarsInLog = 0;
		};
/* End PBXShellScriptBuildPhase section */

/* Begin PBXSourcesBuildPhase section */
		E54BD91C292EAE9400A61C37 /* Sources */ = {
			isa = PBXSourcesBuildPhase;
			buildActionMask = 2147483647;
			files = (
				E5CF89F5292EB461002FCA22 /* ProductsCell.swift in Sources */,
				E5CF89F8292EB461002FCA22 /* HomeViewController.swift in Sources */,
				E5CF89FF292EB461002FCA22 /* Cart.swift in Sources */,
				E5CF89EB292EB461002FCA22 /* ProductModel.swift in Sources */,
				E5CF89F3292EB461002FCA22 /* ProductSliderCell.swift in Sources */,
				E5CF89F6292EB461002FCA22 /* ProductViewController.swift in Sources */,
				E5CF89FD292EB461002FCA22 /* ViewController.swift in Sources */,
				E5CF8A03292EB64F002FCA22 /* Constants.swift in Sources */,
				E5CF89F1292EB461002FCA22 /* ProductPresenter.swift in Sources */,
				E5CF8A05292EB7BE002FCA22 /* Category.swift in Sources */,
				E5CF89FB292EB461002FCA22 /* CartPresenter.swift in Sources */,
				E54BD924292EAE9400A61C37 /* AppDelegate.swift in Sources */,
				E5CF89F4292EB461002FCA22 /* CollectionViewCell.swift in Sources */,
				E5CF89EA292EB461002FCA22 /* FavoritePresenter.swift in Sources */,
				E5CF89FA292EB461002FCA22 /* CartRouter.swift in Sources */,
				E5CF89ED292EB461002FCA22 /* User.swift in Sources */,
				E5CF89FC292EB461002FCA22 /* CartViewController.swift in Sources */,
				E5CF89F2292EB461002FCA22 /* ProductRouter.swift in Sources */,
				E5CF89EC292EB461002FCA22 /* UserRouter.swift in Sources */,
				E5CF89EE292EB461002FCA22 /* SignUpViewController.swift in Sources */,
				E5CF89E9292EB461002FCA22 /* FavoriteViewController.swift in Sources */,
				E5CF89EF292EB461002FCA22 /* LoginViewController.swift in Sources */,
				E5CF89F9292EB461002FCA22 /* Product.swift in Sources */,
				E5CF89FE292EB461002FCA22 /* CartProductCell.swift in Sources */,
				E54BD926292EAE9400A61C37 /* SceneDelegate.swift in Sources */,
				E5CF89F0292EB461002FCA22 /* UserPresenter.swift in Sources */,
			);
			runOnlyForDeploymentPostprocessing = 0;
		};
		E54BD932292EAE9600A61C37 /* Sources */ = {
			isa = PBXSourcesBuildPhase;
			buildActionMask = 2147483647;
			files = (
				E54BD93B292EAE9600A61C37 /* trainingTests.swift in Sources */,
			);
			runOnlyForDeploymentPostprocessing = 0;
		};
		E54BD93C292EAE9600A61C37 /* Sources */ = {
			isa = PBXSourcesBuildPhase;
			buildActionMask = 2147483647;
			files = (
				E54BD947292EAE9600A61C37 /* trainingUITestsLaunchTests.swift in Sources */,
				E54BD945292EAE9600A61C37 /* trainingUITests.swift in Sources */,
			);
			runOnlyForDeploymentPostprocessing = 0;
		};
/* End PBXSourcesBuildPhase section */

/* Begin PBXTargetDependency section */
		E54BD938292EAE9600A61C37 /* PBXTargetDependency */ = {
			isa = PBXTargetDependency;
			target = E54BD91F292EAE9400A61C37 /* training */;
			targetProxy = E54BD937292EAE9600A61C37 /* PBXContainerItemProxy */;
		};
		E54BD942292EAE9600A61C37 /* PBXTargetDependency */ = {
			isa = PBXTargetDependency;
			target = E54BD91F292EAE9400A61C37 /* training */;
			targetProxy = E54BD941292EAE9600A61C37 /* PBXContainerItemProxy */;
		};
/* End PBXTargetDependency section */

/* Begin PBXVariantGroup section */
		E5CF89BF292EB460002FCA22 /* LaunchScreen.storyboard */ = {
			isa = PBXVariantGroup;
			children = (
				E5CF89C0292EB460002FCA22 /* Base */,
			);
			name = LaunchScreen.storyboard;
			sourceTree = "<group>";
		};
		E5CF89C1292EB460002FCA22 /* Main.storyboard */ = {
			isa = PBXVariantGroup;
			children = (
				E5CF89C2292EB460002FCA22 /* Base */,
			);
			name = Main.storyboard;
			sourceTree = "<group>";
		};
/* End PBXVariantGroup section */

/* Begin XCBuildConfiguration section */
		E54BD948292EAE9600A61C37 /* Debug */ = {
			isa = XCBuildConfiguration;
			buildSettings = {
				ALWAYS_SEARCH_USER_PATHS = NO;
				CLANG_ANALYZER_NONNULL = YES;
				CLANG_ANALYZER_NUMBER_OBJECT_CONVERSION = YES_AGGRESSIVE;
				CLANG_CXX_LANGUAGE_STANDARD = "gnu++20";
				CLANG_ENABLE_MODULES = YES;
				CLANG_ENABLE_OBJC_ARC = YES;
				CLANG_ENABLE_OBJC_WEAK = YES;
				CLANG_WARN_BLOCK_CAPTURE_AUTORELEASING = YES;
				CLANG_WARN_BOOL_CONVERSION = YES;
				CLANG_WARN_COMMA = YES;
				CLANG_WARN_CONSTANT_CONVERSION = YES;
				CLANG_WARN_DEPRECATED_OBJC_IMPLEMENTATIONS = YES;
				CLANG_WARN_DIRECT_OBJC_ISA_USAGE = YES_ERROR;
				CLANG_WARN_DOCUMENTATION_COMMENTS = YES;
				CLANG_WARN_EMPTY_BODY = YES;
				CLANG_WARN_ENUM_CONVERSION = YES;
				CLANG_WARN_INFINITE_RECURSION = YES;
				CLANG_WARN_INT_CONVERSION = YES;
				CLANG_WARN_NON_LITERAL_NULL_CONVERSION = YES;
				CLANG_WARN_OBJC_IMPLICIT_RETAIN_SELF = YES;
				CLANG_WARN_OBJC_LITERAL_CONVERSION = YES;
				CLANG_WARN_OBJC_ROOT_CLASS = YES_ERROR;
				CLANG_WARN_QUOTED_INCLUDE_IN_FRAMEWORK_HEADER = YES;
				CLANG_WARN_RANGE_LOOP_ANALYSIS = YES;
				CLANG_WARN_STRICT_PROTOTYPES = YES;
				CLANG_WARN_SUSPICIOUS_MOVE = YES;
				CLANG_WARN_UNGUARDED_AVAILABILITY = YES_AGGRESSIVE;
				CLANG_WARN_UNREACHABLE_CODE = YES;
				CLANG_WARN__DUPLICATE_METHOD_MATCH = YES;
				COPY_PHASE_STRIP = NO;
				DEBUG_INFORMATION_FORMAT = dwarf;
				ENABLE_STRICT_OBJC_MSGSEND = YES;
				ENABLE_TESTABILITY = YES;
				GCC_C_LANGUAGE_STANDARD = gnu11;
				GCC_DYNAMIC_NO_PIC = NO;
				GCC_NO_COMMON_BLOCKS = YES;
				GCC_OPTIMIZATION_LEVEL = 0;
				GCC_PREPROCESSOR_DEFINITIONS = (
					"DEBUG=1",
					"$(inherited)",
				);
				GCC_WARN_64_TO_32_BIT_CONVERSION = YES;
				GCC_WARN_ABOUT_RETURN_TYPE = YES_ERROR;
				GCC_WARN_UNDECLARED_SELECTOR = YES;
				GCC_WARN_UNINITIALIZED_AUTOS = YES_AGGRESSIVE;
				GCC_WARN_UNUSED_FUNCTION = YES;
				GCC_WARN_UNUSED_VARIABLE = YES;
				IPHONEOS_DEPLOYMENT_TARGET = 16.0;
				MTL_ENABLE_DEBUG_INFO = INCLUDE_SOURCE;
				MTL_FAST_MATH = YES;
				ONLY_ACTIVE_ARCH = YES;
				SDKROOT = iphoneos;
				SWIFT_ACTIVE_COMPILATION_CONDITIONS = DEBUG;
				SWIFT_OPTIMIZATION_LEVEL = "-Onone";
			};
			name = Debug;
		};
		E54BD949292EAE9600A61C37 /* Release */ = {
			isa = XCBuildConfiguration;
			buildSettings = {
				ALWAYS_SEARCH_USER_PATHS = NO;
				CLANG_ANALYZER_NONNULL = YES;
				CLANG_ANALYZER_NUMBER_OBJECT_CONVERSION = YES_AGGRESSIVE;
				CLANG_CXX_LANGUAGE_STANDARD = "gnu++20";
				CLANG_ENABLE_MODULES = YES;
				CLANG_ENABLE_OBJC_ARC = YES;
				CLANG_ENABLE_OBJC_WEAK = YES;
				CLANG_WARN_BLOCK_CAPTURE_AUTORELEASING = YES;
				CLANG_WARN_BOOL_CONVERSION = YES;
				CLANG_WARN_COMMA = YES;
				CLANG_WARN_CONSTANT_CONVERSION = YES;
				CLANG_WARN_DEPRECATED_OBJC_IMPLEMENTATIONS = YES;
				CLANG_WARN_DIRECT_OBJC_ISA_USAGE = YES_ERROR;
				CLANG_WARN_DOCUMENTATION_COMMENTS = YES;
				CLANG_WARN_EMPTY_BODY = YES;
				CLANG_WARN_ENUM_CONVERSION = YES;
				CLANG_WARN_INFINITE_RECURSION = YES;
				CLANG_WARN_INT_CONVERSION = YES;
				CLANG_WARN_NON_LITERAL_NULL_CONVERSION = YES;
				CLANG_WARN_OBJC_IMPLICIT_RETAIN_SELF = YES;
				CLANG_WARN_OBJC_LITERAL_CONVERSION = YES;
				CLANG_WARN_OBJC_ROOT_CLASS = YES_ERROR;
				CLANG_WARN_QUOTED_INCLUDE_IN_FRAMEWORK_HEADER = YES;
				CLANG_WARN_RANGE_LOOP_ANALYSIS = YES;
				CLANG_WARN_STRICT_PROTOTYPES = YES;
				CLANG_WARN_SUSPICIOUS_MOVE = YES;
				CLANG_WARN_UNGUARDED_AVAILABILITY = YES_AGGRESSIVE;
				CLANG_WARN_UNREACHABLE_CODE = YES;
				CLANG_WARN__DUPLICATE_METHOD_MATCH = YES;
				COPY_PHASE_STRIP = NO;
				DEBUG_INFORMATION_FORMAT = "dwarf-with-dsym";
				ENABLE_NS_ASSERTIONS = NO;
				ENABLE_STRICT_OBJC_MSGSEND = YES;
				GCC_C_LANGUAGE_STANDARD = gnu11;
				GCC_NO_COMMON_BLOCKS = YES;
				GCC_WARN_64_TO_32_BIT_CONVERSION = YES;
				GCC_WARN_ABOUT_RETURN_TYPE = YES_ERROR;
				GCC_WARN_UNDECLARED_SELECTOR = YES;
				GCC_WARN_UNINITIALIZED_AUTOS = YES_AGGRESSIVE;
				GCC_WARN_UNUSED_FUNCTION = YES;
				GCC_WARN_UNUSED_VARIABLE = YES;
				IPHONEOS_DEPLOYMENT_TARGET = 16.0;
				MTL_ENABLE_DEBUG_INFO = NO;
				MTL_FAST_MATH = YES;
				SDKROOT = iphoneos;
				SWIFT_COMPILATION_MODE = wholemodule;
				SWIFT_OPTIMIZATION_LEVEL = "-O";
				VALIDATE_PRODUCT = YES;
			};
			name = Release;
		};
		E54BD94B292EAE9600A61C37 /* Debug */ = {
			isa = XCBuildConfiguration;
			baseConfigurationReference = 9EA382F8F00C585C3C7F9582 /* Pods-training.debug.xcconfig */;
			buildSettings = {
				ASSETCATALOG_COMPILER_APPICON_NAME = AppIcon;
				ASSETCATALOG_COMPILER_GLOBAL_ACCENT_COLOR_NAME = AccentColor;
				CODE_SIGN_STYLE = Automatic;
				CURRENT_PROJECT_VERSION = 1;
				DEVELOPMENT_TEAM = K4VBYB6DKC;
				GENERATE_INFOPLIST_FILE = YES;
				INFOPLIST_FILE = training/Info.plist;
				INFOPLIST_KEY_UIApplicationSupportsIndirectInputEvents = YES;
				INFOPLIST_KEY_UILaunchStoryboardName = LaunchScreen;
				INFOPLIST_KEY_UIMainStoryboardFile = Main;
				INFOPLIST_KEY_UISupportedInterfaceOrientations_iPad = "UIInterfaceOrientationPortrait UIInterfaceOrientationPortraitUpsideDown UIInterfaceOrientationLandscapeLeft UIInterfaceOrientationLandscapeRight";
				INFOPLIST_KEY_UISupportedInterfaceOrientations_iPhone = "UIInterfaceOrientationPortrait UIInterfaceOrientationLandscapeLeft UIInterfaceOrientationLandscapeRight";
				LD_RUNPATH_SEARCH_PATHS = (
					"$(inherited)",
					"@executable_path/Frameworks",
				);
				MARKETING_VERSION = 1.0;
				PRODUCT_BUNDLE_IDENTIFIER = ai.adam.task.training;
				PRODUCT_NAME = "$(TARGET_NAME)";
				SWIFT_EMIT_LOC_STRINGS = YES;
				SWIFT_VERSION = 5.0;
				TARGETED_DEVICE_FAMILY = "1,2";
			};
			name = Debug;
		};
		E54BD94C292EAE9600A61C37 /* Release */ = {
			isa = XCBuildConfiguration;
			baseConfigurationReference = B83FD41B243145AE68846F82 /* Pods-training.release.xcconfig */;
			buildSettings = {
				ASSETCATALOG_COMPILER_APPICON_NAME = AppIcon;
				ASSETCATALOG_COMPILER_GLOBAL_ACCENT_COLOR_NAME = AccentColor;
				CODE_SIGN_STYLE = Automatic;
				CURRENT_PROJECT_VERSION = 1;
				DEVELOPMENT_TEAM = K4VBYB6DKC;
				GENERATE_INFOPLIST_FILE = YES;
				INFOPLIST_FILE = training/Info.plist;
				INFOPLIST_KEY_UIApplicationSupportsIndirectInputEvents = YES;
				INFOPLIST_KEY_UILaunchStoryboardName = LaunchScreen;
				INFOPLIST_KEY_UIMainStoryboardFile = Main;
				INFOPLIST_KEY_UISupportedInterfaceOrientations_iPad = "UIInterfaceOrientationPortrait UIInterfaceOrientationPortraitUpsideDown UIInterfaceOrientationLandscapeLeft UIInterfaceOrientationLandscapeRight";
				INFOPLIST_KEY_UISupportedInterfaceOrientations_iPhone = "UIInterfaceOrientationPortrait UIInterfaceOrientationLandscapeLeft UIInterfaceOrientationLandscapeRight";
				LD_RUNPATH_SEARCH_PATHS = (
					"$(inherited)",
					"@executable_path/Frameworks",
				);
				MARKETING_VERSION = 1.0;
				PRODUCT_BUNDLE_IDENTIFIER = ai.adam.task.training;
				PRODUCT_NAME = "$(TARGET_NAME)";
				SWIFT_EMIT_LOC_STRINGS = YES;
				SWIFT_VERSION = 5.0;
				TARGETED_DEVICE_FAMILY = "1,2";
			};
			name = Release;
		};
		E54BD94E292EAE9600A61C37 /* Debug */ = {
			isa = XCBuildConfiguration;
			buildSettings = {
				ALWAYS_EMBED_SWIFT_STANDARD_LIBRARIES = YES;
				BUNDLE_LOADER = "$(TEST_HOST)";
				CODE_SIGN_STYLE = Automatic;
				CURRENT_PROJECT_VERSION = 1;
				DEVELOPMENT_TEAM = K4VBYB6DKC;
				GENERATE_INFOPLIST_FILE = YES;
				IPHONEOS_DEPLOYMENT_TARGET = 16.0;
				MARKETING_VERSION = 1.0;
				PRODUCT_BUNDLE_IDENTIFIER = ai.adam.task.trainingTests;
				PRODUCT_NAME = "$(TARGET_NAME)";
				SWIFT_EMIT_LOC_STRINGS = NO;
				SWIFT_VERSION = 5.0;
				TARGETED_DEVICE_FAMILY = "1,2";
				TEST_HOST = "$(BUILT_PRODUCTS_DIR)/training.app/$(BUNDLE_EXECUTABLE_FOLDER_PATH)/training";
			};
			name = Debug;
		};
		E54BD94F292EAE9600A61C37 /* Release */ = {
			isa = XCBuildConfiguration;
			buildSettings = {
				ALWAYS_EMBED_SWIFT_STANDARD_LIBRARIES = YES;
				BUNDLE_LOADER = "$(TEST_HOST)";
				CODE_SIGN_STYLE = Automatic;
				CURRENT_PROJECT_VERSION = 1;
				DEVELOPMENT_TEAM = K4VBYB6DKC;
				GENERATE_INFOPLIST_FILE = YES;
				IPHONEOS_DEPLOYMENT_TARGET = 16.0;
				MARKETING_VERSION = 1.0;
				PRODUCT_BUNDLE_IDENTIFIER = ai.adam.task.trainingTests;
				PRODUCT_NAME = "$(TARGET_NAME)";
				SWIFT_EMIT_LOC_STRINGS = NO;
				SWIFT_VERSION = 5.0;
				TARGETED_DEVICE_FAMILY = "1,2";
				TEST_HOST = "$(BUILT_PRODUCTS_DIR)/training.app/$(BUNDLE_EXECUTABLE_FOLDER_PATH)/training";
			};
			name = Release;
		};
		E54BD951292EAE9600A61C37 /* Debug */ = {
			isa = XCBuildConfiguration;
			buildSettings = {
				ALWAYS_EMBED_SWIFT_STANDARD_LIBRARIES = YES;
				CODE_SIGN_STYLE = Automatic;
				CURRENT_PROJECT_VERSION = 1;
				DEVELOPMENT_TEAM = K4VBYB6DKC;
				GENERATE_INFOPLIST_FILE = YES;
				MARKETING_VERSION = 1.0;
				PRODUCT_BUNDLE_IDENTIFIER = ai.adam.task.trainingUITests;
				PRODUCT_NAME = "$(TARGET_NAME)";
				SWIFT_EMIT_LOC_STRINGS = NO;
				SWIFT_VERSION = 5.0;
				TARGETED_DEVICE_FAMILY = "1,2";
				TEST_TARGET_NAME = training;
			};
			name = Debug;
		};
		E54BD952292EAE9600A61C37 /* Release */ = {
			isa = XCBuildConfiguration;
			buildSettings = {
				ALWAYS_EMBED_SWIFT_STANDARD_LIBRARIES = YES;
				CODE_SIGN_STYLE = Automatic;
				CURRENT_PROJECT_VERSION = 1;
				DEVELOPMENT_TEAM = K4VBYB6DKC;
				GENERATE_INFOPLIST_FILE = YES;
				MARKETING_VERSION = 1.0;
				PRODUCT_BUNDLE_IDENTIFIER = ai.adam.task.trainingUITests;
				PRODUCT_NAME = "$(TARGET_NAME)";
				SWIFT_EMIT_LOC_STRINGS = NO;
				SWIFT_VERSION = 5.0;
				TARGETED_DEVICE_FAMILY = "1,2";
				TEST_TARGET_NAME = training;
			};
			name = Release;
		};
/* End XCBuildConfiguration section */

/* Begin XCConfigurationList section */
		E54BD91B292EAE9400A61C37 /* Build configuration list for PBXProject "training" */ = {
			isa = XCConfigurationList;
			buildConfigurations = (
				E54BD948292EAE9600A61C37 /* Debug */,
				E54BD949292EAE9600A61C37 /* Release */,
			);
			defaultConfigurationIsVisible = 0;
			defaultConfigurationName = Release;
		};
		E54BD94A292EAE9600A61C37 /* Build configuration list for PBXNativeTarget "training" */ = {
			isa = XCConfigurationList;
			buildConfigurations = (
				E54BD94B292EAE9600A61C37 /* Debug */,
				E54BD94C292EAE9600A61C37 /* Release */,
			);
			defaultConfigurationIsVisible = 0;
			defaultConfigurationName = Release;
		};
		E54BD94D292EAE9600A61C37 /* Build configuration list for PBXNativeTarget "trainingTests" */ = {
			isa = XCConfigurationList;
			buildConfigurations = (
				E54BD94E292EAE9600A61C37 /* Debug */,
				E54BD94F292EAE9600A61C37 /* Release */,
			);
			defaultConfigurationIsVisible = 0;
			defaultConfigurationName = Release;
		};
		E54BD950292EAE9600A61C37 /* Build configuration list for PBXNativeTarget "trainingUITests" */ = {
			isa = XCConfigurationList;
			buildConfigurations = (
				E54BD951292EAE9600A61C37 /* Debug */,
				E54BD952292EAE9600A61C37 /* Release */,
			);
			defaultConfigurationIsVisible = 0;
			defaultConfigurationName = Release;
		};
/* End XCConfigurationList section */
	};
	rootObject = E54BD918292EAE9400A61C37 /* Project object */;
}
